// !$*UTF8*$!
{
	archiveVersion = 1;
	classes = {
	};
	objectVersion = 50;
	objects = {

/* Begin PBXBuildFile section */
		2F898BCD2294766E00F77713 /* AppDelegate.swift in Sources */ = {isa = PBXBuildFile; fileRef = 2F898BCC2294766E00F77713 /* AppDelegate.swift */; };
		2F898BD22294766E00F77713 /* Main.storyboard in Resources */ = {isa = PBXBuildFile; fileRef = 2F898BD02294766E00F77713 /* Main.storyboard */; };
		2F898BD52294766E00F77713 /* Weather.xcdatamodeld in Sources */ = {isa = PBXBuildFile; fileRef = 2F898BD32294766E00F77713 /* Weather.xcdatamodeld */; };
		2F898BDA2294766F00F77713 /* LaunchScreen.storyboard in Resources */ = {isa = PBXBuildFile; fileRef = 2F898BD82294766F00F77713 /* LaunchScreen.storyboard */; };
		2F898BE52294766F00F77713 /* WeatherTests.swift in Sources */ = {isa = PBXBuildFile; fileRef = 2F898BE42294766F00F77713 /* WeatherTests.swift */; };
		2F898BF02294766F00F77713 /* WeatherUITests.swift in Sources */ = {isa = PBXBuildFile; fileRef = 2F898BEF2294766F00F77713 /* WeatherUITests.swift */; };
		2F898BFE229476A900F77713 /* WeatherTableViewController.swift in Sources */ = {isa = PBXBuildFile; fileRef = 2F898BFD229476A900F77713 /* WeatherTableViewController.swift */; };
		2F898C03229482D900F77713 /* Weather.swift in Sources */ = {isa = PBXBuildFile; fileRef = 2F898C02229482D900F77713 /* Weather.swift */; };
		2F898C05229482E000F77713 /* Temperature.swift in Sources */ = {isa = PBXBuildFile; fileRef = 2F898C04229482E000F77713 /* Temperature.swift */; };
		2F898C072294830600F77713 /* TemperatureConverter.swift in Sources */ = {isa = PBXBuildFile; fileRef = 2F898C062294830600F77713 /* TemperatureConverter.swift */; };
		2F898C492294FD7E00F77713 /* TodayCell.swift in Sources */ = {isa = PBXBuildFile; fileRef = 2F898C482294FD7E00F77713 /* TodayCell.swift */; };
		2F898C4B2295037A00F77713 /* TempCell.swift in Sources */ = {isa = PBXBuildFile; fileRef = 2F898C4A2295037A00F77713 /* TempCell.swift */; };
		2F898C54229518CE00F77713 /* ForecastCell.swift in Sources */ = {isa = PBXBuildFile; fileRef = 2F898C53229518CE00F77713 /* ForecastCell.swift */; };
		2F898C562295191500F77713 /* ForecastCell.xib in Resources */ = {isa = PBXBuildFile; fileRef = 2F898C552295191500F77713 /* ForecastCell.xib */; };
		2F898C58229537AB00F77713 /* Assets.xcassets in Resources */ = {isa = PBXBuildFile; fileRef = 2F898C57229537AB00F77713 /* Assets.xcassets */; };
/* End PBXBuildFile section */

/* Begin PBXContainerItemProxy section */
		2F898BE12294766F00F77713 /* PBXContainerItemProxy */ = {
			isa = PBXContainerItemProxy;
			containerPortal = 2F898BC12294766E00F77713 /* Project object */;
			proxyType = 1;
			remoteGlobalIDString = 2F898BC82294766E00F77713;
			remoteInfo = Weather;
		};
		2F898BEC2294766F00F77713 /* PBXContainerItemProxy */ = {
			isa = PBXContainerItemProxy;
			containerPortal = 2F898BC12294766E00F77713 /* Project object */;
			proxyType = 1;
			remoteGlobalIDString = 2F898BC82294766E00F77713;
			remoteInfo = Weather;
		};
/* End PBXContainerItemProxy section */

/* Begin PBXFileReference section */
		2F898BC92294766E00F77713 /* Weather.app */ = {isa = PBXFileReference; explicitFileType = wrapper.application; includeInIndex = 0; path = Weather.app; sourceTree = BUILT_PRODUCTS_DIR; };
		2F898BCC2294766E00F77713 /* AppDelegate.swift */ = {isa = PBXFileReference; lastKnownFileType = sourcecode.swift; path = AppDelegate.swift; sourceTree = "<group>"; };
		2F898BD12294766E00F77713 /* Base */ = {isa = PBXFileReference; lastKnownFileType = file.storyboard; name = Base; path = Base.lproj/Main.storyboard; sourceTree = "<group>"; };
		2F898BD42294766E00F77713 /* Weather.xcdatamodel */ = {isa = PBXFileReference; lastKnownFileType = wrapper.xcdatamodel; path = Weather.xcdatamodel; sourceTree = "<group>"; };
		2F898BD92294766F00F77713 /* Base */ = {isa = PBXFileReference; lastKnownFileType = file.storyboard; name = Base; path = Base.lproj/LaunchScreen.storyboard; sourceTree = "<group>"; };
		2F898BDB2294766F00F77713 /* Info.plist */ = {isa = PBXFileReference; lastKnownFileType = text.plist.xml; path = Info.plist; sourceTree = "<group>"; };
		2F898BE02294766F00F77713 /* WeatherTests.xctest */ = {isa = PBXFileReference; explicitFileType = wrapper.cfbundle; includeInIndex = 0; path = WeatherTests.xctest; sourceTree = BUILT_PRODUCTS_DIR; };
		2F898BE42294766F00F77713 /* WeatherTests.swift */ = {isa = PBXFileReference; lastKnownFileType = sourcecode.swift; path = WeatherTests.swift; sourceTree = "<group>"; };
		2F898BE62294766F00F77713 /* Info.plist */ = {isa = PBXFileReference; lastKnownFileType = text.plist.xml; path = Info.plist; sourceTree = "<group>"; };
		2F898BEB2294766F00F77713 /* WeatherUITests.xctest */ = {isa = PBXFileReference; explicitFileType = wrapper.cfbundle; includeInIndex = 0; path = WeatherUITests.xctest; sourceTree = BUILT_PRODUCTS_DIR; };
		2F898BEF2294766F00F77713 /* WeatherUITests.swift */ = {isa = PBXFileReference; lastKnownFileType = sourcecode.swift; path = WeatherUITests.swift; sourceTree = "<group>"; };
		2F898BF12294766F00F77713 /* Info.plist */ = {isa = PBXFileReference; lastKnownFileType = text.plist.xml; path = Info.plist; sourceTree = "<group>"; };
		2F898BFD229476A900F77713 /* WeatherTableViewController.swift */ = {isa = PBXFileReference; lastKnownFileType = sourcecode.swift; path = WeatherTableViewController.swift; sourceTree = "<group>"; };
		2F898C02229482D900F77713 /* Weather.swift */ = {isa = PBXFileReference; fileEncoding = 4; lastKnownFileType = sourcecode.swift; name = Weather.swift; path = Weather/Models/Weather.swift; sourceTree = SOURCE_ROOT; };
		2F898C04229482E000F77713 /* Temperature.swift */ = {isa = PBXFileReference; lastKnownFileType = sourcecode.swift; path = Temperature.swift; sourceTree = "<group>"; };
		2F898C062294830600F77713 /* TemperatureConverter.swift */ = {isa = PBXFileReference; lastKnownFileType = sourcecode.swift; path = TemperatureConverter.swift; sourceTree = "<group>"; };
		2F898C482294FD7E00F77713 /* TodayCell.swift */ = {isa = PBXFileReference; lastKnownFileType = sourcecode.swift; path = TodayCell.swift; sourceTree = "<group>"; };
		2F898C4A2295037A00F77713 /* TempCell.swift */ = {isa = PBXFileReference; lastKnownFileType = sourcecode.swift; path = TempCell.swift; sourceTree = "<group>"; };
		2F898C53229518CE00F77713 /* ForecastCell.swift */ = {isa = PBXFileReference; lastKnownFileType = sourcecode.swift; path = ForecastCell.swift; sourceTree = "<group>"; };
		2F898C552295191500F77713 /* ForecastCell.xib */ = {isa = PBXFileReference; lastKnownFileType = file.xib; path = ForecastCell.xib; sourceTree = "<group>"; };
		2F898C57229537AB00F77713 /* Assets.xcassets */ = {isa = PBXFileReference; lastKnownFileType = folder.assetcatalog; path = Assets.xcassets; sourceTree = "<group>"; };
/* End PBXFileReference section */

/* Begin PBXFrameworksBuildPhase section */
		2F898BC62294766E00F77713 /* Frameworks */ = {
			isa = PBXFrameworksBuildPhase;
			buildActionMask = 2147483647;
			files = (
			);
			runOnlyForDeploymentPostprocessing = 0;
		};
		2F898BDD2294766F00F77713 /* Frameworks */ = {
			isa = PBXFrameworksBuildPhase;
			buildActionMask = 2147483647;
			files = (
			);
			runOnlyForDeploymentPostprocessing = 0;
		};
		2F898BE82294766F00F77713 /* Frameworks */ = {
			isa = PBXFrameworksBuildPhase;
			buildActionMask = 2147483647;
			files = (
			);
			runOnlyForDeploymentPostprocessing = 0;
		};
/* End PBXFrameworksBuildPhase section */

/* Begin PBXGroup section */
		2F898BC02294766E00F77713 = {
			isa = PBXGroup;
			children = (
				2F898BCB2294766E00F77713 /* Weather */,
				2F898BE32294766F00F77713 /* WeatherTests */,
				2F898BEE2294766F00F77713 /* WeatherUITests */,
				2F898BCA2294766E00F77713 /* Products */,
			);
			sourceTree = "<group>";
		};
		2F898BCA2294766E00F77713 /* Products */ = {
			isa = PBXGroup;
			children = (
				2F898BC92294766E00F77713 /* Weather.app */,
				2F898BE02294766F00F77713 /* WeatherTests.xctest */,
				2F898BEB2294766F00F77713 /* WeatherUITests.xctest */,
			);
			name = Products;
			sourceTree = "<group>";
		};
		2F898BCB2294766E00F77713 /* Weather */ = {
			isa = PBXGroup;
			children = (
				2F898BFF229476C800F77713 /* Custom Cells */,
				2F898BCC2294766E00F77713 /* AppDelegate.swift */,
				2F898BFD229476A900F77713 /* WeatherTableViewController.swift */,
				2F898C53229518CE00F77713 /* ForecastCell.swift */,
				2F898C552295191500F77713 /* ForecastCell.xib */,
				2F898BD02294766E00F77713 /* Main.storyboard */,
				2F898BD82294766F00F77713 /* LaunchScreen.storyboard */,
				2F898BDB2294766F00F77713 /* Info.plist */,
				2F898BD32294766E00F77713 /* Weather.xcdatamodeld */,
				2F898C57229537AB00F77713 /* Assets.xcassets */,
			);
			path = Weather;
			sourceTree = "<group>";
		};
		2F898BE32294766F00F77713 /* WeatherTests */ = {
			isa = PBXGroup;
			children = (
				2F898BE42294766F00F77713 /* WeatherTests.swift */,
				2F898BE62294766F00F77713 /* Info.plist */,
			);
			path = WeatherTests;
			sourceTree = "<group>";
		};
		2F898BEE2294766F00F77713 /* WeatherUITests */ = {
			isa = PBXGroup;
			children = (
				2F898BEF2294766F00F77713 /* WeatherUITests.swift */,
				2F898BF12294766F00F77713 /* Info.plist */,
			);
			path = WeatherUITests;
			sourceTree = "<group>";
		};
		2F898BFF229476C800F77713 /* Custom Cells */ = {
			isa = PBXGroup;
			children = (
				2F898C02229482D900F77713 /* Weather.swift */,
				2F898C04229482E000F77713 /* Temperature.swift */,
				2F898C062294830600F77713 /* TemperatureConverter.swift */,
				2F898C482294FD7E00F77713 /* TodayCell.swift */,
				2F898C4A2295037A00F77713 /* TempCell.swift */,
			);
			path = "Custom Cells";
			sourceTree = "<group>";
		};
/* End PBXGroup section */

/* Begin PBXNativeTarget section */
		2F898BC82294766E00F77713 /* Weather */ = {
			isa = PBXNativeTarget;
			buildConfigurationList = 2F898BF42294766F00F77713 /* Build configuration list for PBXNativeTarget "Weather" */;
			buildPhases = (
				2F898BC52294766E00F77713 /* Sources */,
				2F898BC62294766E00F77713 /* Frameworks */,
				2F898BC72294766E00F77713 /* Resources */,
			);
			buildRules = (
			);
			dependencies = (
			);
			name = Weather;
			productName = Weather;
			productReference = 2F898BC92294766E00F77713 /* Weather.app */;
			productType = "com.apple.product-type.application";
		};
		2F898BDF2294766F00F77713 /* WeatherTests */ = {
			isa = PBXNativeTarget;
			buildConfigurationList = 2F898BF72294766F00F77713 /* Build configuration list for PBXNativeTarget "WeatherTests" */;
			buildPhases = (
				2F898BDC2294766F00F77713 /* Sources */,
				2F898BDD2294766F00F77713 /* Frameworks */,
				2F898BDE2294766F00F77713 /* Resources */,
			);
			buildRules = (
			);
			dependencies = (
				2F898BE22294766F00F77713 /* PBXTargetDependency */,
			);
			name = WeatherTests;
			productName = WeatherTests;
			productReference = 2F898BE02294766F00F77713 /* WeatherTests.xctest */;
			productType = "com.apple.product-type.bundle.unit-test";
		};
		2F898BEA2294766F00F77713 /* WeatherUITests */ = {
			isa = PBXNativeTarget;
			buildConfigurationList = 2F898BFA2294766F00F77713 /* Build configuration list for PBXNativeTarget "WeatherUITests" */;
			buildPhases = (
				2F898BE72294766F00F77713 /* Sources */,
				2F898BE82294766F00F77713 /* Frameworks */,
				2F898BE92294766F00F77713 /* Resources */,
			);
			buildRules = (
			);
			dependencies = (
				2F898BED2294766F00F77713 /* PBXTargetDependency */,
			);
			name = WeatherUITests;
			productName = WeatherUITests;
			productReference = 2F898BEB2294766F00F77713 /* WeatherUITests.xctest */;
			productType = "com.apple.product-type.bundle.ui-testing";
		};
/* End PBXNativeTarget section */

/* Begin PBXProject section */
		2F898BC12294766E00F77713 /* Project object */ = {
			isa = PBXProject;
			attributes = {
				LastSwiftUpdateCheck = 1020;
				LastUpgradeCheck = 1020;
				ORGANIZATIONNAME = "venkat kukunuru";
				TargetAttributes = {
					2F898BC82294766E00F77713 = {
						CreatedOnToolsVersion = 10.2.1;
					};
					2F898BDF2294766F00F77713 = {
						CreatedOnToolsVersion = 10.2.1;
						TestTargetID = 2F898BC82294766E00F77713;
					};
					2F898BEA2294766F00F77713 = {
						CreatedOnToolsVersion = 10.2.1;
						TestTargetID = 2F898BC82294766E00F77713;
					};
				};
			};
			buildConfigurationList = 2F898BC42294766E00F77713 /* Build configuration list for PBXProject "Weather" */;
			compatibilityVersion = "Xcode 9.3";
			developmentRegion = en;
			hasScannedForEncodings = 0;
			knownRegions = (
				en,
				Base,
			);
			mainGroup = 2F898BC02294766E00F77713;
			productRefGroup = 2F898BCA2294766E00F77713 /* Products */;
			projectDirPath = "";
			projectRoot = "";
			targets = (
				2F898BC82294766E00F77713 /* Weather */,
				2F898BDF2294766F00F77713 /* WeatherTests */,
				2F898BEA2294766F00F77713 /* WeatherUITests */,
			);
		};
/* End PBXProject section */

/* Begin PBXResourcesBuildPhase section */
		2F898BC72294766E00F77713 /* Resources */ = {
			isa = PBXResourcesBuildPhase;
			buildActionMask = 2147483647;
			files = (
				2F898BDA2294766F00F77713 /* LaunchScreen.storyboard in Resources */,
				2F898C562295191500F77713 /* ForecastCell.xib in Resources */,
				2F898BD22294766E00F77713 /* Main.storyboard in Resources */,
				2F898C58229537AB00F77713 /* Assets.xcassets in Resources */,
			);
			runOnlyForDeploymentPostprocessing = 0;
		};
		2F898BDE2294766F00F77713 /* Resources */ = {
			isa = PBXResourcesBuildPhase;
			buildActionMask = 2147483647;
			files = (
			);
			runOnlyForDeploymentPostprocessing = 0;
		};
		2F898BE92294766F00F77713 /* Resources */ = {
			isa = PBXResourcesBuildPhase;
			buildActionMask = 2147483647;
			files = (
			);
			runOnlyForDeploymentPostprocessing = 0;
		};
/* End PBXResourcesBuildPhase section */

/* Begin PBXSourcesBuildPhase section */
		2F898BC52294766E00F77713 /* Sources */ = {
			isa = PBXSourcesBuildPhase;
			buildActionMask = 2147483647;
			files = (
				2F898BFE229476A900F77713 /* WeatherTableViewController.swift in Sources */,
				2F898C54229518CE00F77713 /* ForecastCell.swift in Sources */,
				2F898BD52294766E00F77713 /* Weather.xcdatamodeld in Sources */,
				2F898C05229482E000F77713 /* Temperature.swift in Sources */,
				2F898C492294FD7E00F77713 /* TodayCell.swift in Sources */,
				2F898C4B2295037A00F77713 /* TempCell.swift in Sources */,
				2F898BCD2294766E00F77713 /* AppDelegate.swift in Sources */,
				2F898C03229482D900F77713 /* Weather.swift in Sources */,
				2F898C072294830600F77713 /* TemperatureConverter.swift in Sources */,
			);
			runOnlyForDeploymentPostprocessing = 0;
		};
		2F898BDC2294766F00F77713 /* Sources */ = {
			isa = PBXSourcesBuildPhase;
			buildActionMask = 2147483647;
			files = (
				2F898BE52294766F00F77713 /* WeatherTests.swift in Sources */,
			);
			runOnlyForDeploymentPostprocessing = 0;
		};
		2F898BE72294766F00F77713 /* Sources */ = {
			isa = PBXSourcesBuildPhase;
			buildActionMask = 2147483647;
			files = (
				2F898BF02294766F00F77713 /* WeatherUITests.swift in Sources */,
			);
			runOnlyForDeploymentPostprocessing = 0;
		};
/* End PBXSourcesBuildPhase section */

/* Begin PBXTargetDependency section */
		2F898BE22294766F00F77713 /* PBXTargetDependency */ = {
			isa = PBXTargetDependency;
			target = 2F898BC82294766E00F77713 /* Weather */;
			targetProxy = 2F898BE12294766F00F77713 /* PBXContainerItemProxy */;
		};
		2F898BED2294766F00F77713 /* PBXTargetDependency */ = {
			isa = PBXTargetDependency;
			target = 2F898BC82294766E00F77713 /* Weather */;
			targetProxy = 2F898BEC2294766F00F77713 /* PBXContainerItemProxy */;
		};
/* End PBXTargetDependency section */

/* Begin PBXVariantGroup section */
		2F898BD02294766E00F77713 /* Main.storyboard */ = {
			isa = PBXVariantGroup;
			children = (
				2F898BD12294766E00F77713 /* Base */,
			);
			name = Main.storyboard;
			sourceTree = "<group>";
		};
		2F898BD82294766F00F77713 /* LaunchScreen.storyboard */ = {
			isa = PBXVariantGroup;
			children = (
				2F898BD92294766F00F77713 /* Base */,
			);
			name = LaunchScreen.storyboard;
			sourceTree = "<group>";
		};
/* End PBXVariantGroup section */

/* Begin XCBuildConfiguration section */
		2F898BF22294766F00F77713 /* Debug */ = {
			isa = XCBuildConfiguration;
			buildSettings = {
				ALWAYS_SEARCH_USER_PATHS = NO;
				CLANG_ANALYZER_NONNULL = YES;
				CLANG_ANALYZER_NUMBER_OBJECT_CONVERSION = YES_AGGRESSIVE;
				CLANG_CXX_LANGUAGE_STANDARD = "gnu++14";
				CLANG_CXX_LIBRARY = "libc++";
				CLANG_ENABLE_MODULES = YES;
				CLANG_ENABLE_OBJC_ARC = YES;
				CLANG_ENABLE_OBJC_WEAK = YES;
				CLANG_WARN_BLOCK_CAPTURE_AUTORELEASING = YES;
				CLANG_WARN_BOOL_CONVERSION = YES;
				CLANG_WARN_COMMA = YES;
				CLANG_WARN_CONSTANT_CONVERSION = YES;
				CLANG_WARN_DEPRECATED_OBJC_IMPLEMENTATIONS = YES;
				CLANG_WARN_DIRECT_OBJC_ISA_USAGE = YES_ERROR;
				CLANG_WARN_DOCUMENTATION_COMMENTS = YES;
				CLANG_WARN_EMPTY_BODY = YES;
				CLANG_WARN_ENUM_CONVERSION = YES;
				CLANG_WARN_INFINITE_RECURSION = YES;
				CLANG_WARN_INT_CONVERSION = YES;
				CLANG_WARN_NON_LITERAL_NULL_CONVERSION = YES;
				CLANG_WARN_OBJC_IMPLICIT_RETAIN_SELF = YES;
				CLANG_WARN_OBJC_LITERAL_CONVERSION = YES;
				CLANG_WARN_OBJC_ROOT_CLASS = YES_ERROR;
				CLANG_WARN_RANGE_LOOP_ANALYSIS = YES;
				CLANG_WARN_STRICT_PROTOTYPES = YES;
				CLANG_WARN_SUSPICIOUS_MOVE = YES;
				CLANG_WARN_UNGUARDED_AVAILABILITY = YES_AGGRESSIVE;
				CLANG_WARN_UNREACHABLE_CODE = YES;
				CLANG_WARN__DUPLICATE_METHOD_MATCH = YES;
				CODE_SIGN_IDENTITY = "iPhone Developer";
				COPY_PHASE_STRIP = NO;
				DEBUG_INFORMATION_FORMAT = dwarf;
				ENABLE_STRICT_OBJC_MSGSEND = YES;
				ENABLE_TESTABILITY = YES;
				GCC_C_LANGUAGE_STANDARD = gnu11;
				GCC_DYNAMIC_NO_PIC = NO;
				GCC_NO_COMMON_BLOCKS = YES;
				GCC_OPTIMIZATION_LEVEL = 0;
				GCC_PREPROCESSOR_DEFINITIONS = (
					"DEBUG=1",
					"$(inherited)",
				);
				GCC_WARN_64_TO_32_BIT_CONVERSION = YES;
				GCC_WARN_ABOUT_RETURN_TYPE = YES_ERROR;
				GCC_WARN_UNDECLARED_SELECTOR = YES;
				GCC_WARN_UNINITIALIZED_AUTOS = YES_AGGRESSIVE;
				GCC_WARN_UNUSED_FUNCTION = YES;
				GCC_WARN_UNUSED_VARIABLE = YES;
				IPHONEOS_DEPLOYMENT_TARGET = 12.2;
				MTL_ENABLE_DEBUG_INFO = INCLUDE_SOURCE;
				MTL_FAST_MATH = YES;
				ONLY_ACTIVE_ARCH = YES;
				SDKROOT = iphoneos;
				SWIFT_ACTIVE_COMPILATION_CONDITIONS = DEBUG;
				SWIFT_OPTIMIZATION_LEVEL = "-Onone";
			};
			name = Debug;
		};
		2F898BF32294766F00F77713 /* Release */ = {
			isa = XCBuildConfiguration;
			buildSettings = {
				ALWAYS_SEARCH_USER_PATHS = NO;
				CLANG_ANALYZER_NONNULL = YES;
				CLANG_ANALYZER_NUMBER_OBJECT_CONVERSION = YES_AGGRESSIVE;
				CLANG_CXX_LANGUAGE_STANDARD = "gnu++14";
				CLANG_CXX_LIBRARY = "libc++";
				CLANG_ENABLE_MODULES = YES;
				CLANG_ENABLE_OBJC_ARC = YES;
				CLANG_ENABLE_OBJC_WEAK = YES;
				CLANG_WARN_BLOCK_CAPTURE_AUTORELEASING = YES;
				CLANG_WARN_BOOL_CONVERSION = YES;
				CLANG_WARN_COMMA = YES;
				CLANG_WARN_CONSTANT_CONVERSION = YES;
				CLANG_WARN_DEPRECATED_OBJC_IMPLEMENTATIONS = YES;
				CLANG_WARN_DIRECT_OBJC_ISA_USAGE = YES_ERROR;
				CLANG_WARN_DOCUMENTATION_COMMENTS = YES;
				CLANG_WARN_EMPTY_BODY = YES;
				CLANG_WARN_ENUM_CONVERSION = YES;
				CLANG_WARN_INFINITE_RECURSION = YES;
				CLANG_WARN_INT_CONVERSION = YES;
				CLANG_WARN_NON_LITERAL_NULL_CONVERSION = YES;
				CLANG_WARN_OBJC_IMPLICIT_RETAIN_SELF = YES;
				CLANG_WARN_OBJC_LITERAL_CONVERSION = YES;
				CLANG_WARN_OBJC_ROOT_CLASS = YES_ERROR;
				CLANG_WARN_RANGE_LOOP_ANALYSIS = YES;
				CLANG_WARN_STRICT_PROTOTYPES = YES;
				CLANG_WARN_SUSPICIOUS_MOVE = YES;
				CLANG_WARN_UNGUARDED_AVAILABILITY = YES_AGGRESSIVE;
				CLANG_WARN_UNREACHABLE_CODE = YES;
				CLANG_WARN__DUPLICATE_METHOD_MATCH = YES;
				CODE_SIGN_IDENTITY = "iPhone Developer";
				COPY_PHASE_STRIP = NO;
				DEBUG_INFORMATION_FORMAT = "dwarf-with-dsym";
				ENABLE_NS_ASSERTIONS = NO;
				ENABLE_STRICT_OBJC_MSGSEND = YES;
				GCC_C_LANGUAGE_STANDARD = gnu11;
				GCC_NO_COMMON_BLOCKS = YES;
				GCC_WARN_64_TO_32_BIT_CONVERSION = YES;
				GCC_WARN_ABOUT_RETURN_TYPE = YES_ERROR;
				GCC_WARN_UNDECLARED_SELECTOR = YES;
				GCC_WARN_UNINITIALIZED_AUTOS = YES_AGGRESSIVE;
				GCC_WARN_UNUSED_FUNCTION = YES;
				GCC_WARN_UNUSED_VARIABLE = YES;
				IPHONEOS_DEPLOYMENT_TARGET = 12.2;
				MTL_ENABLE_DEBUG_INFO = NO;
				MTL_FAST_MATH = YES;
				SDKROOT = iphoneos;
				SWIFT_COMPILATION_MODE = wholemodule;
				SWIFT_OPTIMIZATION_LEVEL = "-O";
				VALIDATE_PRODUCT = YES;
			};
			name = Release;
		};
		2F898BF52294766F00F77713 /* Debug */ = {
			isa = XCBuildConfiguration;
			buildSettings = {
				ASSETCATALOG_COMPILER_APPICON_NAME = AppIcon;
				CODE_SIGN_STYLE = Automatic;
				INFOPLIST_FILE = Weather/Info.plist;
				LD_RUNPATH_SEARCH_PATHS = (
					"$(inherited)",
					"@executable_path/Frameworks",
				);
				PRODUCT_BUNDLE_IDENTIFIER = kukunuru.Weather;
				PRODUCT_NAME = "$(TARGET_NAME)";
				SWIFT_VERSION = 5.0;
				TARGETED_DEVICE_FAMILY = "1,2";
			};
			name = Debug;
		};
		2F898BF62294766F00F77713 /* Release */ = {
			isa = XCBuildConfiguration;
			buildSettings = {
				ASSETCATALOG_COMPILER_APPICON_NAME = AppIcon;
				CODE_SIGN_STYLE = Automatic;
				INFOPLIST_FILE = Weather/Info.plist;
				LD_RUNPATH_SEARCH_PATHS = (
					"$(inherited)",
					"@executable_path/Frameworks",
				);
				PRODUCT_BUNDLE_IDENTIFIER = kukunuru.Weather;
				PRODUCT_NAME = "$(TARGET_NAME)";
				SWIFT_VERSION = 5.0;
				TARGETED_DEVICE_FAMILY = "1,2";
			};
			name = Release;
		};
		2F898BF82294766F00F77713 /* Debug */ = {
			isa = XCBuildConfiguration;
			buildSettings = {
				ALWAYS_EMBED_SWIFT_STANDARD_LIBRARIES = YES;
				BUNDLE_LOADER = "$(TEST_HOST)";
				CODE_SIGN_STYLE = Automatic;
				INFOPLIST_FILE = WeatherTests/Info.plist;
				LD_RUNPATH_SEARCH_PATHS = (
					"$(inherited)",
					"@executable_path/Frameworks",
					"@loader_path/Frameworks",
				);
				PRODUCT_BUNDLE_IDENTIFIER = kukunuru.WeatherTests;
				PRODUCT_NAME = "$(TARGET_NAME)";
				SWIFT_VERSION = 5.0;
				TARGETED_DEVICE_FAMILY = "1,2";
				TEST_HOST = "$(BUILT_PRODUCTS_DIR)/Weather.app/Weather";
			};
			name = Debug;
		};
		2F898BF92294766F00F77713 /* Release */ = {
			isa = XCBuildConfiguration;
			buildSettings = {
				ALWAYS_EMBED_SWIFT_STANDARD_LIBRARIES = YES;
				BUNDLE_LOADER = "$(TEST_HOST)";
				CODE_SIGN_STYLE = Automatic;
				INFOPLIST_FILE = WeatherTests/Info.plist;
				LD_RUNPATH_SEARCH_PATHS = (
					"$(inherited)",
					"@executable_path/Frameworks",
					"@loader_path/Frameworks",
				);
				PRODUCT_BUNDLE_IDENTIFIER = kukunuru.WeatherTests;
				PRODUCT_NAME = "$(TARGET_NAME)";
				SWIFT_VERSION = 5.0;
				TARGETED_DEVICE_FAMILY = "1,2";
				TEST_HOST = "$(BUILT_PRODUCTS_DIR)/Weather.app/Weather";
			};
			name = Release;
		};
		2F898BFB2294766F00F77713 /* Debug */ = {
			isa = XCBuildConfiguration;
			buildSettings = {
				ALWAYS_EMBED_SWIFT_STANDARD_LIBRARIES = YES;
				CODE_SIGN_STYLE = Automatic;
				INFOPLIST_FILE = WeatherUITests/Info.plist;
				LD_RUNPATH_SEARCH_PATHS = (
					"$(inherited)",
					"@executable_path/Frameworks",
					"@loader_path/Frameworks",
				);
				PRODUCT_BUNDLE_IDENTIFIER = kukunuru.WeatherUITests;
				PRODUCT_NAME = "$(TARGET_NAME)";
				SWIFT_VERSION = 5.0;
				TARGETED_DEVICE_FAMILY = "1,2";
				TEST_TARGET_NAME = Weather;
			};
			name = Debug;
		};
		2F898BFC2294766F00F77713 /* Release */ = {
			isa = XCBuildConfiguration;
			buildSettings = {
				ALWAYS_EMBED_SWIFT_STANDARD_LIBRARIES = YES;
				CODE_SIGN_STYLE = Automatic;
				INFOPLIST_FILE = WeatherUITests/Info.plist;
				LD_RUNPATH_SEARCH_PATHS = (
					"$(inherited)",
					"@executable_path/Frameworks",
					"@loader_path/Frameworks",
				);
				PRODUCT_BUNDLE_IDENTIFIER = kukunuru.WeatherUITests;
				PRODUCT_NAME = "$(TARGET_NAME)";
				SWIFT_VERSION = 5.0;
				TARGETED_DEVICE_FAMILY = "1,2";
				TEST_TARGET_NAME = Weather;
			};
			name = Release;
		};
/* End XCBuildConfiguration section */

/* Begin XCConfigurationList section */
		2F898BC42294766E00F77713 /* Build configuration list for PBXProject "Weather" */ = {
			isa = XCConfigurationList;
			buildConfigurations = (
				2F898BF22294766F00F77713 /* Debug */,
				2F898BF32294766F00F77713 /* Release */,
			);
			defaultConfigurationIsVisible = 0;
			defaultConfigurationName = Release;
		};
		2F898BF42294766F00F77713 /* Build configuration list for PBXNativeTarget "Weather" */ = {
			isa = XCConfigurationList;
			buildConfigurations = (
				2F898BF52294766F00F77713 /* Debug */,
				2F898BF62294766F00F77713 /* Release */,
			);
			defaultConfigurationIsVisible = 0;
			defaultConfigurationName = Release;
		};
		2F898BF72294766F00F77713 /* Build configuration list for PBXNativeTarget "WeatherTests" */ = {
			isa = XCConfigurationList;
			buildConfigurations = (
				2F898BF82294766F00F77713 /* Debug */,
				2F898BF92294766F00F77713 /* Release */,
			);
			defaultConfigurationIsVisible = 0;
			defaultConfigurationName = Release;
		};
		2F898BFA2294766F00F77713 /* Build configuration list for PBXNativeTarget "WeatherUITests" */ = {
			isa = XCConfigurationList;
			buildConfigurations = (
				2F898BFB2294766F00F77713 /* Debug */,
				2F898BFC2294766F00F77713 /* Release */,
			);
			defaultConfigurationIsVisible = 0;
			defaultConfigurationName = Release;
		};
/* End XCConfigurationList section */

/* Begin XCVersionGroup section */
		2F898BD32294766E00F77713 /* Weather.xcdatamodeld */ = {
			isa = XCVersionGroup;
			children = (
				2F898BD42294766E00F77713 /* Weather.xcdatamodel */,
			);
			currentVersion = 2F898BD42294766E00F77713 /* Weather.xcdatamodel */;
			path = Weather.xcdatamodeld;
			sourceTree = "<group>";
			versionGroupType = wrapper.xcdatamodel;
		};
/* End XCVersionGroup section */
	};
	rootObject = 2F898BC12294766E00F77713 /* Project object */;
}
